
Microsoft Visual Studio Solution File, Format Version 12.00
# Visual Studio 14
VisualStudioVersion = 14.0.25420.1
MinimumVisualStudioVersion = 10.0.40219.1
Project("{FAE04EC0-301F-11D3-BF4B-00C04F79EFBC}") = "FactoryPattern", "FactoryPattern\FactoryPattern.csproj", "{7D674F1F-FB25-47A2-ABDF-AB64A4455822}"
EndProject
Project("{FAE04EC0-301F-11D3-BF4B-00C04F79EFBC}") = "FactoryPatternTests", "FactoryPatternTests\FactoryPatternTests.csproj", "{239183F8-7911-4817-A3C7-241AD15F05F8}"
EndProject
Global
	GlobalSection(SolutionConfigurationPlatforms) = preSolution
		Debug|Any CPU = Debug|Any CPU
		Release|Any CPU = Release|Any CPU
	EndGlobalSection
	GlobalSection(ProjectConfigurationPlatforms) = postSolution
		{7D674F1F-FB25-47A2-ABDF-AB64A4455822}.Debug|Any CPU.ActiveCfg = Debug|Any CPU
		{7D674F1F-FB25-47A2-ABDF-AB64A4455822}.Debug|Any CPU.Build.0 = Debug|Any CPU
		{7D674F1F-FB25-47A2-ABDF-AB64A4455822}.Release|Any CPU.ActiveCfg = Release|Any CPU
		{7D674F1F-FB25-47A2-ABDF-AB64A4455822}.Release|Any CPU.Build.0 = Release|Any CPU
		{239183F8-7911-4817-A3C7-241AD15F05F8}.Debug|Any CPU.ActiveCfg = Debug|Any CPU
		{239183F8-7911-4817-A3C7-241AD15F05F8}.Debug|Any CPU.Build.0 = Debug|Any CPU
		{239183F8-7911-4817-A3C7-241AD15F05F8}.Release|Any CPU.ActiveCfg = Release|Any CPU
		{239183F8-7911-4817-A3C7-241AD15F05F8}.Release|Any CPU.Build.0 = Release|Any CPU
	EndGlobalSection
	GlobalSection(SolutionProperties) = preSolution
		HideSolutionNode = FALSE
	EndGlobalSection
EndGlobal
